
Microsoft Visual Studio Solution File, Format Version 12.00
# Visual Studio Version 17
VisualStudioVersion = 17.0.31903.59
MinimumVisualStudioVersion = 10.0.40219.1
Project("{FAE04EC0-301F-11D3-BF4B-00C04F79EFBC}") = "OrbbecSharp", "src\OrbbecSharp.csproj", "{DED4D2ED-D892-4506-9B36-DAE218D33FDF}"
EndProject
Global
	GlobalSection(SolutionConfigurationPlatforms) = preSolution
		Debug|Any CPU = Debug|Any CPU
		Release|Any CPU = Release|Any CPU
	EndGlobalSection
	GlobalSection(SolutionProperties) = preSolution
		HideSolutionNode = FALSE
	EndGlobalSection
	GlobalSection(ProjectConfigurationPlatforms) = postSolution
		{DED4D2ED-D892-4506-9B36-DAE218D33FDF}.Debug|Any CPU.ActiveCfg = Debug|Any CPU
		{DED4D2ED-D892-4506-9B36-DAE218D33FDF}.Debug|Any CPU.Build.0 = Debug|Any CPU
		{DED4D2ED-D892-4506-9B36-DAE218D33FDF}.Release|Any CPU.ActiveCfg = Release|Any CPU
		{DED4D2ED-D892-4506-9B36-DAE218D33FDF}.Release|Any CPU.Build.0 = Release|Any CPU
	EndGlobalSection
EndGlobal
