
Microsoft Visual Studio Solution File, Format Version 12.00
# Visual Studio Version 17
VisualStudioVersion = 17.0.31903.59
MinimumVisualStudioVersion = 10.0.40219.1
Project("{FAE04EC0-301F-11D3-BF4B-00C04F79EFBC}") = "OrbbecSharp", "src\OrbbecSharp.csproj", "{DED4D2ED-D892-4506-9B36-DAE218D33FDF}"
EndProject
Project("{2150E333-8FDC-42A3-9474-1A3956D46DE8}") = "samples", "samples", "{742E2BC6-D5BA-486D-9E09-D8B295663873}"
EndProject
Project("{FAE04EC0-301F-11D3-BF4B-00C04F79EFBC}") = "Samples.Common", "samples\common\Samples.Common.csproj", "{F6C863DB-2486-47DC-A41B-B1DB089C1DCA}"
EndProject
Project("{FAE04EC0-301F-11D3-BF4B-00C04F79EFBC}") = "Samples.QuickStart", "samples\0.basic.quick_start\Samples.QuickStart.csproj", "{F9F8F2EA-D6CB-45B9-8B57-06C32ACBED4E}"
EndProject
Project("{FAE04EC0-301F-11D3-BF4B-00C04F79EFBC}") = "Samples.Color", "samples\1.stream.color\Samples.Color.csproj", "{29B722E2-1E15-4B0A-A3FD-5BBDFCC4B702}"
EndProject
Project("{FAE04EC0-301F-11D3-BF4B-00C04F79EFBC}") = "Samples.Depth", "samples\1.stream.depth\Samples.Depth.csproj", "{723C58C0-43CB-4849-90AF-30271D61B3EB}"
EndProject
Project("{FAE04EC0-301F-11D3-BF4B-00C04F79EFBC}") = "Samples.IMU", "samples\1.stream.imu\Samples.IMU.csproj", "{320EE0D6-36CD-4792-B829-6DF33E8B5D9A}"
EndProject
Project("{FAE04EC0-301F-11D3-BF4B-00C04F79EFBC}") = "Samples.Infrared", "samples\1.stream.infrared\Samples.Infrared.csproj", "{4A664D48-BEA8-41C2-A444-B5999317BB33}"
EndProject
Project("{FAE04EC0-301F-11D3-BF4B-00C04F79EFBC}") = "Samples.MultiStreams", "samples\1.stream.multi_streams\Samples.MultiStreams.csproj", "{DACA7867-FF83-4F83-9A3A-A010504721D2}"
EndProject
Project("{FAE04EC0-301F-11D3-BF4B-00C04F79EFBC}") = "Samples.Control", "samples\2.device.control\Samples.Control.csproj", "{3E217805-EADC-4A35-8FC0-AB2AAB744707}"
EndProject
Project("{FAE04EC0-301F-11D3-BF4B-00C04F79EFBC}") = "Samples.FirmwareUpdate", "samples\2.device.firmware_update\Samples.FirmwareUpdate.csproj", "{6F3A5B38-A0FB-4BDF-837C-9F9D111C287B}"
EndProject
Project("{FAE04EC0-301F-11D3-BF4B-00C04F79EFBC}") = "Samples.HotPlugin", "samples\2.device.hot_plugin\Samples.HotPlugin.csproj", "{6B0B7A52-2D11-4194-8158-29CF027BC7A4}"
EndProject
Project("{FAE04EC0-301F-11D3-BF4B-00C04F79EFBC}") = "Samples.OptionalDepthPresetsUpdate", "samples\2.device.optional_depth_presets_update\Samples.OptionalDepthPresetsUpdate.csproj", "{6F31774C-422C-4484-B698-822166185770}"
EndProject
Project("{FAE04EC0-301F-11D3-BF4B-00C04F79EFBC}") = "Samples.Playback", "samples\2.device.playback\Samples.Playback.csproj", "{FDFEE0EB-AC15-4034-9927-BAE69D10AF76}"
EndProject
Project("{FAE04EC0-301F-11D3-BF4B-00C04F79EFBC}") = "Samples.Record", "samples\2.device.record\Samples.Record.csproj", "{16309C88-5DE9-4434-A850-38C33F87F8BE}"
EndProject
Project("{FAE04EC0-301F-11D3-BF4B-00C04F79EFBC}") = "Samples.CoordinateTransform", "samples\3.advanced.coordinate_transform\Samples.CoordinateTransform.csproj", "{39BA6E6A-2B78-4679-9041-7A0EC4BBAB85}"
EndProject
Project("{FAE04EC0-301F-11D3-BF4B-00C04F79EFBC}") = "Samples.HDR", "samples\3.advanced.hdr\Samples.HDR.csproj", "{A9857C16-A44A-477D-8E0B-5970CFF12EFA}"
EndProject
Project("{FAE04EC0-301F-11D3-BF4B-00C04F79EFBC}") = "Samples.HwD2CAlign", "samples\3.advanced.hw_d2c_align\Samples.HwD2CAlign.csproj", "{B6270B03-D52C-4181-958C-7ECD7B6DF0E4}"
EndProject
Project("{FAE04EC0-301F-11D3-BF4B-00C04F79EFBC}") = "Samples.MultiDevices", "samples\3.advanced.multi_devices\Samples.MultiDevices.csproj", "{244AF32D-D8D9-4992-8C87-C057C84B0551}"
EndProject
Project("{FAE04EC0-301F-11D3-BF4B-00C04F79EFBC}") = "Samples.PointCloud", "samples\3.advanced.point_cloud\Samples.PointCloud.csproj", "{B17E8DB3-377F-4634-BDC3-CF1CA02CF3CD}"
EndProject
Project("{FAE04EC0-301F-11D3-BF4B-00C04F79EFBC}") = "Samples.PostProcessing", "samples\3.advanced.post_processing\Samples.PostProcessing.csproj", "{703A094C-43E1-44A9-8ED8-191737DEE179}"
EndProject
Project("{FAE04EC0-301F-11D3-BF4B-00C04F79EFBC}") = "Samples.SyncAlign", "samples\3.advanced.sync_align\Samples.SyncAlign.csproj", "{600CB484-B1EE-4C8E-84AE-47706D49DBB5}"
EndProject
Project("{FAE04EC0-301F-11D3-BF4B-00C04F79EFBC}") = "Samples.Decimation", "samples\4.post.processing.DecimationFilter\Samples.Decimation.csproj", "{1F12EDBD-2B6D-4974-82BC-F4052D1B5FE9}"
EndProject
Project("{FAE04EC0-301F-11D3-BF4B-00C04F79EFBC}") = "Samples.DispTransform", "samples\4.post.processing.DisparityTransform\Samples.DispTransform.csproj", "{D38677D9-11C1-41E1-8D26-A6C9B3DF0A06}"
EndProject
Project("{FAE04EC0-301F-11D3-BF4B-00C04F79EFBC}") = "Samples.HoleFilling", "samples\4.post.processing.HoleFillingFilter\Samples.HoleFilling.csproj", "{EEEC9B68-3629-4161-B82D-55E85314E729}"
EndProject
Project("{FAE04EC0-301F-11D3-BF4B-00C04F79EFBC}") = "Samples.SequenceId", "samples\4.post.processing.SequenceIdFilter\Samples.SequenceId.csproj", "{BB7F99E7-E3BF-4508-A2E2-0EBFB60B2F6C}"
EndProject
Project("{FAE04EC0-301F-11D3-BF4B-00C04F79EFBC}") = "Samples.SpatialAdvanced", "samples\4.post.processing.SpatialAdvancedFilter\Samples.SpatialAdvanced.csproj", "{D320597F-9C3E-4B19-A9DA-3512EFFA7BDB}"
EndProject
Project("{FAE04EC0-301F-11D3-BF4B-00C04F79EFBC}") = "Samples.Temporal", "samples\4.post.processing.TemporalFilter\Samples.Temporal.csproj", "{3F5AFDBD-B825-4B1B-A18E-D91B0A9D789C}"
EndProject
Project("{FAE04EC0-301F-11D3-BF4B-00C04F79EFBC}") = "Samples.Threshold", "samples\4.post.processing.ThresholdFilter\Samples.Threshold.csproj", "{C4D6391B-0329-482F-89C4-9A6E320F1A2A}"
EndProject
Global
	GlobalSection(SolutionConfigurationPlatforms) = preSolution
		Debug|Any CPU = Debug|Any CPU
		Release|Any CPU = Release|Any CPU
	EndGlobalSection
	GlobalSection(SolutionProperties) = preSolution
		HideSolutionNode = FALSE
	EndGlobalSection
	GlobalSection(ProjectConfigurationPlatforms) = postSolution
		{DED4D2ED-D892-4506-9B36-DAE218D33FDF}.Debug|Any CPU.ActiveCfg = Debug|Any CPU
		{DED4D2ED-D892-4506-9B36-DAE218D33FDF}.Debug|Any CPU.Build.0 = Debug|Any CPU
		{DED4D2ED-D892-4506-9B36-DAE218D33FDF}.Release|Any CPU.ActiveCfg = Release|Any CPU
		{DED4D2ED-D892-4506-9B36-DAE218D33FDF}.Release|Any CPU.Build.0 = Release|Any CPU
		{F6C863DB-2486-47DC-A41B-B1DB089C1DCA}.Debug|Any CPU.ActiveCfg = Debug|Any CPU
		{F6C863DB-2486-47DC-A41B-B1DB089C1DCA}.Debug|Any CPU.Build.0 = Debug|Any CPU
		{F6C863DB-2486-47DC-A41B-B1DB089C1DCA}.Release|Any CPU.ActiveCfg = Release|Any CPU
		{F6C863DB-2486-47DC-A41B-B1DB089C1DCA}.Release|Any CPU.Build.0 = Release|Any CPU
		{F9F8F2EA-D6CB-45B9-8B57-06C32ACBED4E}.Debug|Any CPU.ActiveCfg = Debug|Any CPU
		{F9F8F2EA-D6CB-45B9-8B57-06C32ACBED4E}.Debug|Any CPU.Build.0 = Debug|Any CPU
		{F9F8F2EA-D6CB-45B9-8B57-06C32ACBED4E}.Release|Any CPU.ActiveCfg = Release|Any CPU
		{F9F8F2EA-D6CB-45B9-8B57-06C32ACBED4E}.Release|Any CPU.Build.0 = Release|Any CPU
		{29B722E2-1E15-4B0A-A3FD-5BBDFCC4B702}.Debug|Any CPU.ActiveCfg = Debug|Any CPU
		{29B722E2-1E15-4B0A-A3FD-5BBDFCC4B702}.Debug|Any CPU.Build.0 = Debug|Any CPU
		{29B722E2-1E15-4B0A-A3FD-5BBDFCC4B702}.Release|Any CPU.ActiveCfg = Release|Any CPU
		{29B722E2-1E15-4B0A-A3FD-5BBDFCC4B702}.Release|Any CPU.Build.0 = Release|Any CPU
		{723C58C0-43CB-4849-90AF-30271D61B3EB}.Debug|Any CPU.ActiveCfg = Debug|Any CPU
		{723C58C0-43CB-4849-90AF-30271D61B3EB}.Debug|Any CPU.Build.0 = Debug|Any CPU
		{723C58C0-43CB-4849-90AF-30271D61B3EB}.Release|Any CPU.ActiveCfg = Release|Any CPU
		{723C58C0-43CB-4849-90AF-30271D61B3EB}.Release|Any CPU.Build.0 = Release|Any CPU
		{320EE0D6-36CD-4792-B829-6DF33E8B5D9A}.Debug|Any CPU.ActiveCfg = Debug|Any CPU
		{320EE0D6-36CD-4792-B829-6DF33E8B5D9A}.Debug|Any CPU.Build.0 = Debug|Any CPU
		{320EE0D6-36CD-4792-B829-6DF33E8B5D9A}.Release|Any CPU.ActiveCfg = Release|Any CPU
		{320EE0D6-36CD-4792-B829-6DF33E8B5D9A}.Release|Any CPU.Build.0 = Release|Any CPU
		{4A664D48-BEA8-41C2-A444-B5999317BB33}.Debug|Any CPU.ActiveCfg = Debug|Any CPU
		{4A664D48-BEA8-41C2-A444-B5999317BB33}.Debug|Any CPU.Build.0 = Debug|Any CPU
		{4A664D48-BEA8-41C2-A444-B5999317BB33}.Release|Any CPU.ActiveCfg = Release|Any CPU
		{4A664D48-BEA8-41C2-A444-B5999317BB33}.Release|Any CPU.Build.0 = Release|Any CPU
		{DACA7867-FF83-4F83-9A3A-A010504721D2}.Debug|Any CPU.ActiveCfg = Debug|Any CPU
		{DACA7867-FF83-4F83-9A3A-A010504721D2}.Debug|Any CPU.Build.0 = Debug|Any CPU
		{DACA7867-FF83-4F83-9A3A-A010504721D2}.Release|Any CPU.ActiveCfg = Release|Any CPU
		{DACA7867-FF83-4F83-9A3A-A010504721D2}.Release|Any CPU.Build.0 = Release|Any CPU
		{3E217805-EADC-4A35-8FC0-AB2AAB744707}.Debug|Any CPU.ActiveCfg = Debug|Any CPU
		{3E217805-EADC-4A35-8FC0-AB2AAB744707}.Debug|Any CPU.Build.0 = Debug|Any CPU
		{3E217805-EADC-4A35-8FC0-AB2AAB744707}.Release|Any CPU.ActiveCfg = Release|Any CPU
		{3E217805-EADC-4A35-8FC0-AB2AAB744707}.Release|Any CPU.Build.0 = Release|Any CPU
		{6F3A5B38-A0FB-4BDF-837C-9F9D111C287B}.Debug|Any CPU.ActiveCfg = Debug|Any CPU
		{6F3A5B38-A0FB-4BDF-837C-9F9D111C287B}.Debug|Any CPU.Build.0 = Debug|Any CPU
		{6F3A5B38-A0FB-4BDF-837C-9F9D111C287B}.Release|Any CPU.ActiveCfg = Release|Any CPU
		{6F3A5B38-A0FB-4BDF-837C-9F9D111C287B}.Release|Any CPU.Build.0 = Release|Any CPU
		{6B0B7A52-2D11-4194-8158-29CF027BC7A4}.Debug|Any CPU.ActiveCfg = Debug|Any CPU
		{6B0B7A52-2D11-4194-8158-29CF027BC7A4}.Debug|Any CPU.Build.0 = Debug|Any CPU
		{6B0B7A52-2D11-4194-8158-29CF027BC7A4}.Release|Any CPU.ActiveCfg = Release|Any CPU
		{6B0B7A52-2D11-4194-8158-29CF027BC7A4}.Release|Any CPU.Build.0 = Release|Any CPU
		{6F31774C-422C-4484-B698-822166185770}.Debug|Any CPU.ActiveCfg = Debug|Any CPU
		{6F31774C-422C-4484-B698-822166185770}.Debug|Any CPU.Build.0 = Debug|Any CPU
		{6F31774C-422C-4484-B698-822166185770}.Release|Any CPU.ActiveCfg = Release|Any CPU
		{6F31774C-422C-4484-B698-822166185770}.Release|Any CPU.Build.0 = Release|Any CPU
		{FDFEE0EB-AC15-4034-9927-BAE69D10AF76}.Debug|Any CPU.ActiveCfg = Debug|Any CPU
		{FDFEE0EB-AC15-4034-9927-BAE69D10AF76}.Debug|Any CPU.Build.0 = Debug|Any CPU
		{FDFEE0EB-AC15-4034-9927-BAE69D10AF76}.Release|Any CPU.ActiveCfg = Release|Any CPU
		{FDFEE0EB-AC15-4034-9927-BAE69D10AF76}.Release|Any CPU.Build.0 = Release|Any CPU
		{16309C88-5DE9-4434-A850-38C33F87F8BE}.Debug|Any CPU.ActiveCfg = Debug|Any CPU
		{16309C88-5DE9-4434-A850-38C33F87F8BE}.Debug|Any CPU.Build.0 = Debug|Any CPU
		{16309C88-5DE9-4434-A850-38C33F87F8BE}.Release|Any CPU.ActiveCfg = Release|Any CPU
		{16309C88-5DE9-4434-A850-38C33F87F8BE}.Release|Any CPU.Build.0 = Release|Any CPU
		{39BA6E6A-2B78-4679-9041-7A0EC4BBAB85}.Debug|Any CPU.ActiveCfg = Debug|Any CPU
		{39BA6E6A-2B78-4679-9041-7A0EC4BBAB85}.Debug|Any CPU.Build.0 = Debug|Any CPU
		{39BA6E6A-2B78-4679-9041-7A0EC4BBAB85}.Release|Any CPU.ActiveCfg = Release|Any CPU
		{39BA6E6A-2B78-4679-9041-7A0EC4BBAB85}.Release|Any CPU.Build.0 = Release|Any CPU
		{A9857C16-A44A-477D-8E0B-5970CFF12EFA}.Debug|Any CPU.ActiveCfg = Debug|Any CPU
		{A9857C16-A44A-477D-8E0B-5970CFF12EFA}.Debug|Any CPU.Build.0 = Debug|Any CPU
		{A9857C16-A44A-477D-8E0B-5970CFF12EFA}.Release|Any CPU.ActiveCfg = Release|Any CPU
		{A9857C16-A44A-477D-8E0B-5970CFF12EFA}.Release|Any CPU.Build.0 = Release|Any CPU
		{B6270B03-D52C-4181-958C-7ECD7B6DF0E4}.Debug|Any CPU.ActiveCfg = Debug|Any CPU
		{B6270B03-D52C-4181-958C-7ECD7B6DF0E4}.Debug|Any CPU.Build.0 = Debug|Any CPU
		{B6270B03-D52C-4181-958C-7ECD7B6DF0E4}.Release|Any CPU.ActiveCfg = Release|Any CPU
		{B6270B03-D52C-4181-958C-7ECD7B6DF0E4}.Release|Any CPU.Build.0 = Release|Any CPU
		{244AF32D-D8D9-4992-8C87-C057C84B0551}.Debug|Any CPU.ActiveCfg = Debug|Any CPU
		{244AF32D-D8D9-4992-8C87-C057C84B0551}.Debug|Any CPU.Build.0 = Debug|Any CPU
		{244AF32D-D8D9-4992-8C87-C057C84B0551}.Release|Any CPU.ActiveCfg = Release|Any CPU
		{244AF32D-D8D9-4992-8C87-C057C84B0551}.Release|Any CPU.Build.0 = Release|Any CPU
		{B17E8DB3-377F-4634-BDC3-CF1CA02CF3CD}.Debug|Any CPU.ActiveCfg = Debug|Any CPU
		{B17E8DB3-377F-4634-BDC3-CF1CA02CF3CD}.Debug|Any CPU.Build.0 = Debug|Any CPU
		{B17E8DB3-377F-4634-BDC3-CF1CA02CF3CD}.Release|Any CPU.ActiveCfg = Release|Any CPU
		{B17E8DB3-377F-4634-BDC3-CF1CA02CF3CD}.Release|Any CPU.Build.0 = Release|Any CPU
		{703A094C-43E1-44A9-8ED8-191737DEE179}.Debug|Any CPU.ActiveCfg = Debug|Any CPU
		{703A094C-43E1-44A9-8ED8-191737DEE179}.Debug|Any CPU.Build.0 = Debug|Any CPU
		{703A094C-43E1-44A9-8ED8-191737DEE179}.Release|Any CPU.ActiveCfg = Release|Any CPU
		{703A094C-43E1-44A9-8ED8-191737DEE179}.Release|Any CPU.Build.0 = Release|Any CPU
		{600CB484-B1EE-4C8E-84AE-47706D49DBB5}.Debug|Any CPU.ActiveCfg = Debug|Any CPU
		{600CB484-B1EE-4C8E-84AE-47706D49DBB5}.Debug|Any CPU.Build.0 = Debug|Any CPU
		{600CB484-B1EE-4C8E-84AE-47706D49DBB5}.Release|Any CPU.ActiveCfg = Release|Any CPU
		{600CB484-B1EE-4C8E-84AE-47706D49DBB5}.Release|Any CPU.Build.0 = Release|Any CPU
		{1F12EDBD-2B6D-4974-82BC-F4052D1B5FE9}.Debug|Any CPU.ActiveCfg = Debug|Any CPU
		{1F12EDBD-2B6D-4974-82BC-F4052D1B5FE9}.Debug|Any CPU.Build.0 = Debug|Any CPU
		{1F12EDBD-2B6D-4974-82BC-F4052D1B5FE9}.Release|Any CPU.ActiveCfg = Release|Any CPU
		{1F12EDBD-2B6D-4974-82BC-F4052D1B5FE9}.Release|Any CPU.Build.0 = Release|Any CPU
		{D38677D9-11C1-41E1-8D26-A6C9B3DF0A06}.Debug|Any CPU.ActiveCfg = Debug|Any CPU
		{D38677D9-11C1-41E1-8D26-A6C9B3DF0A06}.Debug|Any CPU.Build.0 = Debug|Any CPU
		{D38677D9-11C1-41E1-8D26-A6C9B3DF0A06}.Release|Any CPU.ActiveCfg = Release|Any CPU
		{D38677D9-11C1-41E1-8D26-A6C9B3DF0A06}.Release|Any CPU.Build.0 = Release|Any CPU
		{EEEC9B68-3629-4161-B82D-55E85314E729}.Debug|Any CPU.ActiveCfg = Debug|Any CPU
		{EEEC9B68-3629-4161-B82D-55E85314E729}.Debug|Any CPU.Build.0 = Debug|Any CPU
		{EEEC9B68-3629-4161-B82D-55E85314E729}.Release|Any CPU.ActiveCfg = Release|Any CPU
		{EEEC9B68-3629-4161-B82D-55E85314E729}.Release|Any CPU.Build.0 = Release|Any CPU
		{BB7F99E7-E3BF-4508-A2E2-0EBFB60B2F6C}.Debug|Any CPU.ActiveCfg = Debug|Any CPU
		{BB7F99E7-E3BF-4508-A2E2-0EBFB60B2F6C}.Debug|Any CPU.Build.0 = Debug|Any CPU
		{BB7F99E7-E3BF-4508-A2E2-0EBFB60B2F6C}.Release|Any CPU.ActiveCfg = Release|Any CPU
		{BB7F99E7-E3BF-4508-A2E2-0EBFB60B2F6C}.Release|Any CPU.Build.0 = Release|Any CPU
		{D320597F-9C3E-4B19-A9DA-3512EFFA7BDB}.Debug|Any CPU.ActiveCfg = Debug|Any CPU
		{D320597F-9C3E-4B19-A9DA-3512EFFA7BDB}.Debug|Any CPU.Build.0 = Debug|Any CPU
		{D320597F-9C3E-4B19-A9DA-3512EFFA7BDB}.Release|Any CPU.ActiveCfg = Release|Any CPU
		{D320597F-9C3E-4B19-A9DA-3512EFFA7BDB}.Release|Any CPU.Build.0 = Release|Any CPU
		{3F5AFDBD-B825-4B1B-A18E-D91B0A9D789C}.Debug|Any CPU.ActiveCfg = Debug|Any CPU
		{3F5AFDBD-B825-4B1B-A18E-D91B0A9D789C}.Debug|Any CPU.Build.0 = Debug|Any CPU
		{3F5AFDBD-B825-4B1B-A18E-D91B0A9D789C}.Release|Any CPU.ActiveCfg = Release|Any CPU
		{3F5AFDBD-B825-4B1B-A18E-D91B0A9D789C}.Release|Any CPU.Build.0 = Release|Any CPU
		{C4D6391B-0329-482F-89C4-9A6E320F1A2A}.Debug|Any CPU.ActiveCfg = Debug|Any CPU
		{C4D6391B-0329-482F-89C4-9A6E320F1A2A}.Debug|Any CPU.Build.0 = Debug|Any CPU
		{C4D6391B-0329-482F-89C4-9A6E320F1A2A}.Release|Any CPU.ActiveCfg = Release|Any CPU
		{C4D6391B-0329-482F-89C4-9A6E320F1A2A}.Release|Any CPU.Build.0 = Release|Any CPU
	EndGlobalSection
	GlobalSection(NestedProjects) = preSolution
		{F6C863DB-2486-47DC-A41B-B1DB089C1DCA} = {742E2BC6-D5BA-486D-9E09-D8B295663873}
		{F9F8F2EA-D6CB-45B9-8B57-06C32ACBED4E} = {742E2BC6-D5BA-486D-9E09-D8B295663873}
		{29B722E2-1E15-4B0A-A3FD-5BBDFCC4B702} = {742E2BC6-D5BA-486D-9E09-D8B295663873}
		{723C58C0-43CB-4849-90AF-30271D61B3EB} = {742E2BC6-D5BA-486D-9E09-D8B295663873}
		{320EE0D6-36CD-4792-B829-6DF33E8B5D9A} = {742E2BC6-D5BA-486D-9E09-D8B295663873}
		{4A664D48-BEA8-41C2-A444-B5999317BB33} = {742E2BC6-D5BA-486D-9E09-D8B295663873}
		{DACA7867-FF83-4F83-9A3A-A010504721D2} = {742E2BC6-D5BA-486D-9E09-D8B295663873}
		{3E217805-EADC-4A35-8FC0-AB2AAB744707} = {742E2BC6-D5BA-486D-9E09-D8B295663873}
		{6F3A5B38-A0FB-4BDF-837C-9F9D111C287B} = {742E2BC6-D5BA-486D-9E09-D8B295663873}
		{6B0B7A52-2D11-4194-8158-29CF027BC7A4} = {742E2BC6-D5BA-486D-9E09-D8B295663873}
		{6F31774C-422C-4484-B698-822166185770} = {742E2BC6-D5BA-486D-9E09-D8B295663873}
		{FDFEE0EB-AC15-4034-9927-BAE69D10AF76} = {742E2BC6-D5BA-486D-9E09-D8B295663873}
		{16309C88-5DE9-4434-A850-38C33F87F8BE} = {742E2BC6-D5BA-486D-9E09-D8B295663873}
		{39BA6E6A-2B78-4679-9041-7A0EC4BBAB85} = {742E2BC6-D5BA-486D-9E09-D8B295663873}
		{A9857C16-A44A-477D-8E0B-5970CFF12EFA} = {742E2BC6-D5BA-486D-9E09-D8B295663873}
		{B6270B03-D52C-4181-958C-7ECD7B6DF0E4} = {742E2BC6-D5BA-486D-9E09-D8B295663873}
		{244AF32D-D8D9-4992-8C87-C057C84B0551} = {742E2BC6-D5BA-486D-9E09-D8B295663873}
		{B17E8DB3-377F-4634-BDC3-CF1CA02CF3CD} = {742E2BC6-D5BA-486D-9E09-D8B295663873}
		{703A094C-43E1-44A9-8ED8-191737DEE179} = {742E2BC6-D5BA-486D-9E09-D8B295663873}
		{600CB484-B1EE-4C8E-84AE-47706D49DBB5} = {742E2BC6-D5BA-486D-9E09-D8B295663873}
		{1F12EDBD-2B6D-4974-82BC-F4052D1B5FE9} = {742E2BC6-D5BA-486D-9E09-D8B295663873}
		{D38677D9-11C1-41E1-8D26-A6C9B3DF0A06} = {742E2BC6-D5BA-486D-9E09-D8B295663873}
		{EEEC9B68-3629-4161-B82D-55E85314E729} = {742E2BC6-D5BA-486D-9E09-D8B295663873}
		{BB7F99E7-E3BF-4508-A2E2-0EBFB60B2F6C} = {742E2BC6-D5BA-486D-9E09-D8B295663873}
		{D320597F-9C3E-4B19-A9DA-3512EFFA7BDB} = {742E2BC6-D5BA-486D-9E09-D8B295663873}
		{3F5AFDBD-B825-4B1B-A18E-D91B0A9D789C} = {742E2BC6-D5BA-486D-9E09-D8B295663873}
		{C4D6391B-0329-482F-89C4-9A6E320F1A2A} = {742E2BC6-D5BA-486D-9E09-D8B295663873}
	EndGlobalSection
EndGlobal
