
Microsoft Visual Studio Solution File, Format Version 12.00
# Visual Studio Version 17
VisualStudioVersion = 17.0.31903.59
MinimumVisualStudioVersion = 10.0.40219.1
Project("{FAE04EC0-301F-11D3-BF4B-00C04F79EFBC}") = "OrbbecSharp", "src\OrbbecSharp.csproj", "{DED4D2ED-D892-4506-9B36-DAE218D33FDF}"
EndProject
Project("{2150E333-8FDC-42A3-9474-1A3956D46DE8}") = "samples", "samples", "{742E2BC6-D5BA-486D-9E09-D8B295663873}"
EndProject
Project("{FAE04EC0-301F-11D3-BF4B-00C04F79EFBC}") = "Samples.Common", "samples\common\Samples.Common.csproj", "{F6C863DB-2486-47DC-A41B-B1DB089C1DCA}"
EndProject
Project("{FAE04EC0-301F-11D3-BF4B-00C04F79EFBC}") = "Samples.QuickStart", "samples\0.basic.quick_start\Samples.QuickStart.csproj", "{F9F8F2EA-D6CB-45B9-8B57-06C32ACBED4E}"
EndProject
Global
	GlobalSection(SolutionConfigurationPlatforms) = preSolution
		Debug|Any CPU = Debug|Any CPU
		Release|Any CPU = Release|Any CPU
	EndGlobalSection
	GlobalSection(SolutionProperties) = preSolution
		HideSolutionNode = FALSE
	EndGlobalSection
	GlobalSection(ProjectConfigurationPlatforms) = postSolution
		{DED4D2ED-D892-4506-9B36-DAE218D33FDF}.Debug|Any CPU.ActiveCfg = Debug|Any CPU
		{DED4D2ED-D892-4506-9B36-DAE218D33FDF}.Debug|Any CPU.Build.0 = Debug|Any CPU
		{DED4D2ED-D892-4506-9B36-DAE218D33FDF}.Release|Any CPU.ActiveCfg = Release|Any CPU
		{DED4D2ED-D892-4506-9B36-DAE218D33FDF}.Release|Any CPU.Build.0 = Release|Any CPU
		{F6C863DB-2486-47DC-A41B-B1DB089C1DCA}.Debug|Any CPU.ActiveCfg = Debug|Any CPU
		{F6C863DB-2486-47DC-A41B-B1DB089C1DCA}.Debug|Any CPU.Build.0 = Debug|Any CPU
		{F6C863DB-2486-47DC-A41B-B1DB089C1DCA}.Release|Any CPU.ActiveCfg = Release|Any CPU
		{F6C863DB-2486-47DC-A41B-B1DB089C1DCA}.Release|Any CPU.Build.0 = Release|Any CPU
		{F9F8F2EA-D6CB-45B9-8B57-06C32ACBED4E}.Debug|Any CPU.ActiveCfg = Debug|Any CPU
		{F9F8F2EA-D6CB-45B9-8B57-06C32ACBED4E}.Debug|Any CPU.Build.0 = Debug|Any CPU
		{F9F8F2EA-D6CB-45B9-8B57-06C32ACBED4E}.Release|Any CPU.ActiveCfg = Release|Any CPU
		{F9F8F2EA-D6CB-45B9-8B57-06C32ACBED4E}.Release|Any CPU.Build.0 = Release|Any CPU
	EndGlobalSection
	GlobalSection(NestedProjects) = preSolution
		{F6C863DB-2486-47DC-A41B-B1DB089C1DCA} = {742E2BC6-D5BA-486D-9E09-D8B295663873}
		{F9F8F2EA-D6CB-45B9-8B57-06C32ACBED4E} = {742E2BC6-D5BA-486D-9E09-D8B295663873}
	EndGlobalSection
EndGlobal
